
Microsoft Visual Studio Solution File, Format Version 12.00
# Visual Studio Version 16
VisualStudioVersion = 16.0.31019.35
MinimumVisualStudioVersion = 10.0.40219.1
Project("{FAE04EC0-301F-11D3-BF4B-00C04F79EFBC}") = "onlinecarrer", "onlinecarrer\onlinecarrer.csproj", "{A0F3A7EC-161D-4472-AAB2-C1A500C218D0}"
EndProject
Project("{FAE04EC0-301F-11D3-BF4B-00C04F79EFBC}") = "CarrerLib", "CarrerLib\CarrerLib.csproj", "{8EFF5574-B13A-4629-8C6F-2A2F86CCFE69}"
EndProject
Global
	GlobalSection(SolutionConfigurationPlatforms) = preSolution
		Debug|Any CPU = Debug|Any CPU
		Release|Any CPU = Release|Any CPU
	EndGlobalSection
	GlobalSection(ProjectConfigurationPlatforms) = postSolution
		{A0F3A7EC-161D-4472-AAB2-C1A500C218D0}.Debug|Any CPU.ActiveCfg = Debug|Any CPU
		{A0F3A7EC-161D-4472-AAB2-C1A500C218D0}.Debug|Any CPU.Build.0 = Debug|Any CPU
		{A0F3A7EC-161D-4472-AAB2-C1A500C218D0}.Release|Any CPU.ActiveCfg = Release|Any CPU
		{A0F3A7EC-161D-4472-AAB2-C1A500C218D0}.Release|Any CPU.Build.0 = Release|Any CPU
		{8EFF5574-B13A-4629-8C6F-2A2F86CCFE69}.Debug|Any CPU.ActiveCfg = Debug|Any CPU
		{8EFF5574-B13A-4629-8C6F-2A2F86CCFE69}.Debug|Any CPU.Build.0 = Debug|Any CPU
		{8EFF5574-B13A-4629-8C6F-2A2F86CCFE69}.Release|Any CPU.ActiveCfg = Release|Any CPU
		{8EFF5574-B13A-4629-8C6F-2A2F86CCFE69}.Release|Any CPU.Build.0 = Release|Any CPU
	EndGlobalSection
	GlobalSection(SolutionProperties) = preSolution
		HideSolutionNode = FALSE
	EndGlobalSection
	GlobalSection(ExtensibilityGlobals) = postSolution
		SolutionGuid = {8673FC09-E281-47FA-94E1-40CFACD4BF89}
	EndGlobalSection
EndGlobal
